
Microsoft Visual Studio Solution File, Format Version 12.00
# Visual Studio Version 17
VisualStudioVersion = 17.2.32630.192
MinimumVisualStudioVersion = 10.0.40219.1
Project("{FAE04EC0-301F-11D3-BF4B-00C04F79EFBC}") = "Events_Demo", "Events_Demo\Events_Demo.csproj", "{D20F641D-F750-43BC-8573-3012B6120860}"
EndProject
Global
	GlobalSection(SolutionConfigurationPlatforms) = preSolution
		Debug|Any CPU = Debug|Any CPU
		Release|Any CPU = Release|Any CPU
	EndGlobalSection
	GlobalSection(ProjectConfigurationPlatforms) = postSolution
		{D20F641D-F750-43BC-8573-3012B6120860}.Debug|Any CPU.ActiveCfg = Debug|Any CPU
		{D20F641D-F750-43BC-8573-3012B6120860}.Debug|Any CPU.Build.0 = Debug|Any CPU
		{D20F641D-F750-43BC-8573-3012B6120860}.Release|Any CPU.ActiveCfg = Release|Any CPU
		{D20F641D-F750-43BC-8573-3012B6120860}.Release|Any CPU.Build.0 = Release|Any CPU
	EndGlobalSection
	GlobalSection(SolutionProperties) = preSolution
		HideSolutionNode = FALSE
	EndGlobalSection
	GlobalSection(ExtensibilityGlobals) = postSolution
		SolutionGuid = {B4081A2E-810C-4A32-837E-85FE19037A6A}
	EndGlobalSection
EndGlobal
